// !$*UTF8*$!
{
	archiveVersion = 1;
	classes = {
	};
	objectVersion = 50;
	objects = {

/* Begin PBXBuildFile section */
		87342BE1219774DB00529B32 /* AppDelegate.swift in Sources */ = {isa = PBXBuildFile; fileRef = 87342BE0219774DB00529B32 /* AppDelegate.swift */; };
		87342BE3219774DB00529B32 /* WelcomeViewController.swift in Sources */ = {isa = PBXBuildFile; fileRef = 87342BE2219774DB00529B32 /* WelcomeViewController.swift */; };
		87342BE6219774DB00529B32 /* Main.storyboard in Resources */ = {isa = PBXBuildFile; fileRef = 87342BE4219774DB00529B32 /* Main.storyboard */; };
		87342BE8219774DE00529B32 /* Assets.xcassets in Resources */ = {isa = PBXBuildFile; fileRef = 87342BE7219774DE00529B32 /* Assets.xcassets */; };
		87342BEB219774DE00529B32 /* LaunchScreen.storyboard in Resources */ = {isa = PBXBuildFile; fileRef = 87342BE9219774DE00529B32 /* LaunchScreen.storyboard */; };
		87342BF3219778DF00529B32 /* GoogleService-Info.plist in Resources */ = {isa = PBXBuildFile; fileRef = 87342BF2219778DF00529B32 /* GoogleService-Info.plist */; };
		87342BF521977D5000529B32 /* LoginViewController.swift in Sources */ = {isa = PBXBuildFile; fileRef = 87342BF421977D5000529B32 /* LoginViewController.swift */; };
		87342BF721977D6400529B32 /* RegisterViewController.swift in Sources */ = {isa = PBXBuildFile; fileRef = 87342BF621977D6400529B32 /* RegisterViewController.swift */; };
		BF7852475DD6F4A46562E1A6 /* Pods_Room8iOS.framework in Frameworks */ = {isa = PBXBuildFile; fileRef = 94BC771D3708225DD087188F /* Pods_Room8iOS.framework */; };
/* End PBXBuildFile section */

/* Begin PBXFileReference section */
		40A049E80E15C1875D90DB36 /* Pods-Room8iOS.release.xcconfig */ = {isa = PBXFileReference; includeInIndex = 1; lastKnownFileType = text.xcconfig; name = "Pods-Room8iOS.release.xcconfig"; path = "Pods/Target Support Files/Pods-Room8iOS/Pods-Room8iOS.release.xcconfig"; sourceTree = "<group>"; };
		87342BDD219774DB00529B32 /* Room8iOS.app */ = {isa = PBXFileReference; explicitFileType = wrapper.application; includeInIndex = 0; path = Room8iOS.app; sourceTree = BUILT_PRODUCTS_DIR; };
		87342BE0219774DB00529B32 /* AppDelegate.swift */ = {isa = PBXFileReference; lastKnownFileType = sourcecode.swift; path = AppDelegate.swift; sourceTree = "<group>"; };
		87342BE2219774DB00529B32 /* WelcomeViewController.swift */ = {isa = PBXFileReference; lastKnownFileType = sourcecode.swift; path = WelcomeViewController.swift; sourceTree = "<group>"; };
		87342BE5219774DB00529B32 /* Base */ = {isa = PBXFileReference; lastKnownFileType = file.storyboard; name = Base; path = Base.lproj/Main.storyboard; sourceTree = "<group>"; };
		87342BE7219774DE00529B32 /* Assets.xcassets */ = {isa = PBXFileReference; lastKnownFileType = folder.assetcatalog; path = Assets.xcassets; sourceTree = "<group>"; };
		87342BEA219774DE00529B32 /* Base */ = {isa = PBXFileReference; lastKnownFileType = file.storyboard; name = Base; path = Base.lproj/LaunchScreen.storyboard; sourceTree = "<group>"; };
		87342BEC219774DE00529B32 /* Info.plist */ = {isa = PBXFileReference; lastKnownFileType = text.plist.xml; path = Info.plist; sourceTree = "<group>"; };
		87342BF2219778DF00529B32 /* GoogleService-Info.plist */ = {isa = PBXFileReference; fileEncoding = 4; lastKnownFileType = text.plist.xml; path = "GoogleService-Info.plist"; sourceTree = "<group>"; };
		87342BF421977D5000529B32 /* LoginViewController.swift */ = {isa = PBXFileReference; lastKnownFileType = sourcecode.swift; path = LoginViewController.swift; sourceTree = "<group>"; };
		87342BF621977D6400529B32 /* RegisterViewController.swift */ = {isa = PBXFileReference; lastKnownFileType = sourcecode.swift; path = RegisterViewController.swift; sourceTree = "<group>"; };
		94BC771D3708225DD087188F /* Pods_Room8iOS.framework */ = {isa = PBXFileReference; explicitFileType = wrapper.framework; includeInIndex = 0; path = Pods_Room8iOS.framework; sourceTree = BUILT_PRODUCTS_DIR; };
		E1F114C7C12932374654A3A3 /* Pods-Room8iOS.debug.xcconfig */ = {isa = PBXFileReference; includeInIndex = 1; lastKnownFileType = text.xcconfig; name = "Pods-Room8iOS.debug.xcconfig"; path = "Pods/Target Support Files/Pods-Room8iOS/Pods-Room8iOS.debug.xcconfig"; sourceTree = "<group>"; };
/* End PBXFileReference section */

/* Begin PBXFrameworksBuildPhase section */
		87342BDA219774DB00529B32 /* Frameworks */ = {
			isa = PBXFrameworksBuildPhase;
			buildActionMask = 2147483647;
			files = (
				BF7852475DD6F4A46562E1A6 /* Pods_Room8iOS.framework in Frameworks */,
			);
			runOnlyForDeploymentPostprocessing = 0;
		};
/* End PBXFrameworksBuildPhase section */

/* Begin PBXGroup section */
		08F782A5FE14677A542F28FD /* Frameworks */ = {
			isa = PBXGroup;
			children = (
				94BC771D3708225DD087188F /* Pods_Room8iOS.framework */,
			);
			name = Frameworks;
			sourceTree = "<group>";
		};
		87342BD4219774DB00529B32 = {
			isa = PBXGroup;
			children = (
				87342BDF219774DB00529B32 /* Room8iOS */,
				87342BDE219774DB00529B32 /* Products */,
				D8EDE1A0D3258E370ADE1B85 /* Pods */,
				08F782A5FE14677A542F28FD /* Frameworks */,
			);
			sourceTree = "<group>";
		};
		87342BDE219774DB00529B32 /* Products */ = {
			isa = PBXGroup;
			children = (
				87342BDD219774DB00529B32 /* Room8iOS.app */,
			);
			name = Products;
			sourceTree = "<group>";
		};
		87342BDF219774DB00529B32 /* Room8iOS */ = {
			isa = PBXGroup;
			children = (
				87342BFB21977D9000529B32 /* Controller */,
				87342BF821977D7200529B32 /* View */,
				87342BFA21977D8A00529B32 /* Model */,
				87342BF2219778DF00529B32 /* GoogleService-Info.plist */,
				87342BE7219774DE00529B32 /* Assets.xcassets */,
				87342BEC219774DE00529B32 /* Info.plist */,
			);
			path = Room8iOS;
			sourceTree = "<group>";
		};
		87342BF821977D7200529B32 /* View */ = {
			isa = PBXGroup;
			children = (
				87342BE4219774DB00529B32 /* Main.storyboard */,
				87342BE9219774DE00529B32 /* LaunchScreen.storyboard */,
			);
			path = View;
			sourceTree = "<group>";
		};
		87342BFA21977D8A00529B32 /* Model */ = {
			isa = PBXGroup;
			children = (
			);
			path = Model;
			sourceTree = "<group>";
		};
		87342BFB21977D9000529B32 /* Controller */ = {
			isa = PBXGroup;
			children = (
				87342BE0219774DB00529B32 /* AppDelegate.swift */,
				87342BE2219774DB00529B32 /* WelcomeViewController.swift */,
				87342BF621977D6400529B32 /* RegisterViewController.swift */,
				87342BF421977D5000529B32 /* LoginViewController.swift */,
			);
			path = Controller;
			sourceTree = "<group>";
		};
		D8EDE1A0D3258E370ADE1B85 /* Pods */ = {
			isa = PBXGroup;
			children = (
				E1F114C7C12932374654A3A3 /* Pods-Room8iOS.debug.xcconfig */,
				40A049E80E15C1875D90DB36 /* Pods-Room8iOS.release.xcconfig */,
			);
			name = Pods;
			sourceTree = "<group>";
		};
/* End PBXGroup section */

/* Begin PBXNativeTarget section */
		87342BDC219774DB00529B32 /* Room8iOS */ = {
			isa = PBXNativeTarget;
			buildConfigurationList = 87342BEF219774DE00529B32 /* Build configuration list for PBXNativeTarget "Room8iOS" */;
			buildPhases = (
				172090534E74E8A7601F1A3F /* [CP] Check Pods Manifest.lock */,
				87342BD9219774DB00529B32 /* Sources */,
				87342BDA219774DB00529B32 /* Frameworks */,
				87342BDB219774DB00529B32 /* Resources */,
				5F37D4ADBD9968A852AB7B48 /* [CP] Embed Pods Frameworks */,
				F1393628F41A91D7BDE9D1F0 /* [CP] Copy Pods Resources */,
			);
			buildRules = (
			);
			dependencies = (
			);
			name = Room8iOS;
			productName = Room8iOS;
			productReference = 87342BDD219774DB00529B32 /* Room8iOS.app */;
			productType = "com.apple.product-type.application";
		};
/* End PBXNativeTarget section */

/* Begin PBXProject section */
		87342BD5219774DB00529B32 /* Project object */ = {
			isa = PBXProject;
			attributes = {
				LastSwiftUpdateCheck = 1010;
				LastUpgradeCheck = 1010;
				ORGANIZATIONNAME = "Aziz Zaynutdinov";
				TargetAttributes = {
					87342BDC219774DB00529B32 = {
						CreatedOnToolsVersion = 10.1;
					};
				};
			};
			buildConfigurationList = 87342BD8219774DB00529B32 /* Build configuration list for PBXProject "Room8iOS" */;
			compatibilityVersion = "Xcode 9.3";
			developmentRegion = en;
			hasScannedForEncodings = 0;
			knownRegions = (
				en,
				Base,
			);
			mainGroup = 87342BD4219774DB00529B32;
			productRefGroup = 87342BDE219774DB00529B32 /* Products */;
			projectDirPath = "";
			projectRoot = "";
			targets = (
				87342BDC219774DB00529B32 /* Room8iOS */,
			);
		};
/* End PBXProject section */

/* Begin PBXResourcesBuildPhase section */
		87342BDB219774DB00529B32 /* Resources */ = {
			isa = PBXResourcesBuildPhase;
			buildActionMask = 2147483647;
			files = (
				87342BF3219778DF00529B32 /* GoogleService-Info.plist in Resources */,
				87342BEB219774DE00529B32 /* LaunchScreen.storyboard in Resources */,
				87342BE8219774DE00529B32 /* Assets.xcassets in Resources */,
				87342BE6219774DB00529B32 /* Main.storyboard in Resources */,
			);
			runOnlyForDeploymentPostprocessing = 0;
		};
/* End PBXResourcesBuildPhase section */

/* Begin PBXShellScriptBuildPhase section */
		172090534E74E8A7601F1A3F /* [CP] Check Pods Manifest.lock */ = {
			isa = PBXShellScriptBuildPhase;
			buildActionMask = 2147483647;
			files = (
			);
			inputPaths = (
				"${PODS_PODFILE_DIR_PATH}/Podfile.lock",
				"${PODS_ROOT}/Manifest.lock",
			);
			name = "[CP] Check Pods Manifest.lock";
			outputPaths = (
				"$(DERIVED_FILE_DIR)/Pods-Room8iOS-checkManifestLockResult.txt",
			);
			runOnlyForDeploymentPostprocessing = 0;
			shellPath = /bin/sh;
			shellScript = "diff \"${PODS_PODFILE_DIR_PATH}/Podfile.lock\" \"${PODS_ROOT}/Manifest.lock\" > /dev/null\nif [ $? != 0 ] ; then\n    # print error to STDERR\n    echo \"error: The sandbox is not in sync with the Podfile.lock. Run 'pod install' or update your CocoaPods installation.\" >&2\n    exit 1\nfi\n# This output is used by Xcode 'outputs' to avoid re-running this script phase.\necho \"SUCCESS\" > \"${SCRIPT_OUTPUT_FILE_0}\"\n";
			showEnvVarsInLog = 0;
		};
		5F37D4ADBD9968A852AB7B48 /* [CP] Embed Pods Frameworks */ = {
			isa = PBXShellScriptBuildPhase;
			buildActionMask = 2147483647;
			files = (
			);
			inputPaths = (
				"${SRCROOT}/Pods/Target Support Files/Pods-Room8iOS/Pods-Room8iOS-frameworks.sh",
				"${BUILT_PRODUCTS_DIR}/GoogleToolboxForMac/GoogleToolboxForMac.framework",
				"${BUILT_PRODUCTS_DIR}/nanopb/nanopb.framework",
			);
			name = "[CP] Embed Pods Frameworks";
			outputPaths = (
				"${TARGET_BUILD_DIR}/${FRAMEWORKS_FOLDER_PATH}/GoogleToolboxForMac.framework",
				"${TARGET_BUILD_DIR}/${FRAMEWORKS_FOLDER_PATH}/nanopb.framework",
			);
			runOnlyForDeploymentPostprocessing = 0;
			shellPath = /bin/sh;
			shellScript = "\"${SRCROOT}/Pods/Target Support Files/Pods-Room8iOS/Pods-Room8iOS-frameworks.sh\"\n";
			showEnvVarsInLog = 0;
		};
		F1393628F41A91D7BDE9D1F0 /* [CP] Copy Pods Resources */ = {
			isa = PBXShellScriptBuildPhase;
			buildActionMask = 2147483647;
			files = (
			);
			inputPaths = (
			);
			name = "[CP] Copy Pods Resources";
			outputPaths = (
			);
			runOnlyForDeploymentPostprocessing = 0;
			shellPath = /bin/sh;
			shellScript = "\"${SRCROOT}/Pods/Target Support Files/Pods-Room8iOS/Pods-Room8iOS-resources.sh\"\n";
			showEnvVarsInLog = 0;
		};
/* End PBXShellScriptBuildPhase section */

/* Begin PBXSourcesBuildPhase section */
		87342BD9219774DB00529B32 /* Sources */ = {
			isa = PBXSourcesBuildPhase;
			buildActionMask = 2147483647;
			files = (
				87342BF521977D5000529B32 /* LoginViewController.swift in Sources */,
				87342BE3219774DB00529B32 /* WelcomeViewController.swift in Sources */,
				87342BE1219774DB00529B32 /* AppDelegate.swift in Sources */,
				87342BF721977D6400529B32 /* RegisterViewController.swift in Sources */,
			);
			runOnlyForDeploymentPostprocessing = 0;
		};
/* End PBXSourcesBuildPhase section */

/* Begin PBXVariantGroup section */
		87342BE4219774DB00529B32 /* Main.storyboard */ = {
			isa = PBXVariantGroup;
			children = (
				87342BE5219774DB00529B32 /* Base */,
			);
			name = Main.storyboard;
			sourceTree = "<group>";
		};
		87342BE9219774DE00529B32 /* LaunchScreen.storyboard */ = {
			isa = PBXVariantGroup;
			children = (
				87342BEA219774DE00529B32 /* Base */,
			);
			name = LaunchScreen.storyboard;
			sourceTree = "<group>";
		};
/* End PBXVariantGroup section */

/* Begin XCBuildConfiguration section */
		87342BED219774DE00529B32 /* Debug */ = {
			isa = XCBuildConfiguration;
			buildSettings = {
				ALWAYS_SEARCH_USER_PATHS = NO;
				CLANG_ANALYZER_NONNULL = YES;
				CLANG_ANALYZER_NUMBER_OBJECT_CONVERSION = YES_AGGRESSIVE;
				CLANG_CXX_LANGUAGE_STANDARD = "gnu++14";
				CLANG_CXX_LIBRARY = "libc++";
				CLANG_ENABLE_MODULES = YES;
				CLANG_ENABLE_OBJC_ARC = YES;
				CLANG_ENABLE_OBJC_WEAK = YES;
				CLANG_WARN_BLOCK_CAPTURE_AUTORELEASING = YES;
				CLANG_WARN_BOOL_CONVERSION = YES;
				CLANG_WARN_COMMA = YES;
				CLANG_WARN_CONSTANT_CONVERSION = YES;
				CLANG_WARN_DEPRECATED_OBJC_IMPLEMENTATIONS = YES;
				CLANG_WARN_DIRECT_OBJC_ISA_USAGE = YES_ERROR;
				CLANG_WARN_DOCUMENTATION_COMMENTS = YES;
				CLANG_WARN_EMPTY_BODY = YES;
				CLANG_WARN_ENUM_CONVERSION = YES;
				CLANG_WARN_INFINITE_RECURSION = YES;
				CLANG_WARN_INT_CONVERSION = YES;
				CLANG_WARN_NON_LITERAL_NULL_CONVERSION = YES;
				CLANG_WARN_OBJC_IMPLICIT_RETAIN_SELF = YES;
				CLANG_WARN_OBJC_LITERAL_CONVERSION = YES;
				CLANG_WARN_OBJC_ROOT_CLASS = YES_ERROR;
				CLANG_WARN_RANGE_LOOP_ANALYSIS = YES;
				CLANG_WARN_STRICT_PROTOTYPES = YES;
				CLANG_WARN_SUSPICIOUS_MOVE = YES;
				CLANG_WARN_UNGUARDED_AVAILABILITY = YES_AGGRESSIVE;
				CLANG_WARN_UNREACHABLE_CODE = YES;
				CLANG_WARN__DUPLICATE_METHOD_MATCH = YES;
				CODE_SIGN_IDENTITY = "iPhone Developer";
				COPY_PHASE_STRIP = NO;
				DEBUG_INFORMATION_FORMAT = dwarf;
				ENABLE_STRICT_OBJC_MSGSEND = YES;
				ENABLE_TESTABILITY = YES;
				GCC_C_LANGUAGE_STANDARD = gnu11;
				GCC_DYNAMIC_NO_PIC = NO;
				GCC_NO_COMMON_BLOCKS = YES;
				GCC_OPTIMIZATION_LEVEL = 0;
				GCC_PREPROCESSOR_DEFINITIONS = (
					"DEBUG=1",
					"$(inherited)",
				);
				GCC_WARN_64_TO_32_BIT_CONVERSION = YES;
				GCC_WARN_ABOUT_RETURN_TYPE = YES_ERROR;
				GCC_WARN_UNDECLARED_SELECTOR = YES;
				GCC_WARN_UNINITIALIZED_AUTOS = YES_AGGRESSIVE;
				GCC_WARN_UNUSED_FUNCTION = YES;
				GCC_WARN_UNUSED_VARIABLE = YES;
				IPHONEOS_DEPLOYMENT_TARGET = 12.1;
				MTL_ENABLE_DEBUG_INFO = INCLUDE_SOURCE;
				MTL_FAST_MATH = YES;
				ONLY_ACTIVE_ARCH = YES;
				SDKROOT = iphoneos;
				SWIFT_ACTIVE_COMPILATION_CONDITIONS = DEBUG;
				SWIFT_OPTIMIZATION_LEVEL = "-Onone";
			};
			name = Debug;
		};
		87342BEE219774DE00529B32 /* Release */ = {
			isa = XCBuildConfiguration;
			buildSettings = {
				ALWAYS_SEARCH_USER_PATHS = NO;
				CLANG_ANALYZER_NONNULL = YES;
				CLANG_ANALYZER_NUMBER_OBJECT_CONVERSION = YES_AGGRESSIVE;
				CLANG_CXX_LANGUAGE_STANDARD = "gnu++14";
				CLANG_CXX_LIBRARY = "libc++";
				CLANG_ENABLE_MODULES = YES;
				CLANG_ENABLE_OBJC_ARC = YES;
				CLANG_ENABLE_OBJC_WEAK = YES;
				CLANG_WARN_BLOCK_CAPTURE_AUTORELEASING = YES;
				CLANG_WARN_BOOL_CONVERSION = YES;
				CLANG_WARN_COMMA = YES;
				CLANG_WARN_CONSTANT_CONVERSION = YES;
				CLANG_WARN_DEPRECATED_OBJC_IMPLEMENTATIONS = YES;
				CLANG_WARN_DIRECT_OBJC_ISA_USAGE = YES_ERROR;
				CLANG_WARN_DOCUMENTATION_COMMENTS = YES;
				CLANG_WARN_EMPTY_BODY = YES;
				CLANG_WARN_ENUM_CONVERSION = YES;
				CLANG_WARN_INFINITE_RECURSION = YES;
				CLANG_WARN_INT_CONVERSION = YES;
				CLANG_WARN_NON_LITERAL_NULL_CONVERSION = YES;
				CLANG_WARN_OBJC_IMPLICIT_RETAIN_SELF = YES;
				CLANG_WARN_OBJC_LITERAL_CONVERSION = YES;
				CLANG_WARN_OBJC_ROOT_CLASS = YES_ERROR;
				CLANG_WARN_RANGE_LOOP_ANALYSIS = YES;
				CLANG_WARN_STRICT_PROTOTYPES = YES;
				CLANG_WARN_SUSPICIOUS_MOVE = YES;
				CLANG_WARN_UNGUARDED_AVAILABILITY = YES_AGGRESSIVE;
				CLANG_WARN_UNREACHABLE_CODE = YES;
				CLANG_WARN__DUPLICATE_METHOD_MATCH = YES;
				CODE_SIGN_IDENTITY = "iPhone Developer";
				COPY_PHASE_STRIP = NO;
				DEBUG_INFORMATION_FORMAT = "dwarf-with-dsym";
				ENABLE_NS_ASSERTIONS = NO;
				ENABLE_STRICT_OBJC_MSGSEND = YES;
				GCC_C_LANGUAGE_STANDARD = gnu11;
				GCC_NO_COMMON_BLOCKS = YES;
				GCC_WARN_64_TO_32_BIT_CONVERSION = YES;
				GCC_WARN_ABOUT_RETURN_TYPE = YES_ERROR;
				GCC_WARN_UNDECLARED_SELECTOR = YES;
				GCC_WARN_UNINITIALIZED_AUTOS = YES_AGGRESSIVE;
				GCC_WARN_UNUSED_FUNCTION = YES;
				GCC_WARN_UNUSED_VARIABLE = YES;
				IPHONEOS_DEPLOYMENT_TARGET = 12.1;
				MTL_ENABLE_DEBUG_INFO = NO;
				MTL_FAST_MATH = YES;
				SDKROOT = iphoneos;
				SWIFT_COMPILATION_MODE = wholemodule;
				SWIFT_OPTIMIZATION_LEVEL = "-O";
				VALIDATE_PRODUCT = YES;
			};
			name = Release;
		};
		87342BF0219774DE00529B32 /* Debug */ = {
			isa = XCBuildConfiguration;
			baseConfigurationReference = E1F114C7C12932374654A3A3 /* Pods-Room8iOS.debug.xcconfig */;
			buildSettings = {
				ASSETCATALOG_COMPILER_APPICON_NAME = AppIcon;
				CODE_SIGN_STYLE = Automatic;
				DEVELOPMENT_TEAM = MM934V475K;
				INFOPLIST_FILE = Room8iOS/Info.plist;
				IPHONEOS_DEPLOYMENT_TARGET = 11.3;
				LD_RUNPATH_SEARCH_PATHS = (
					"$(inherited)",
					"@executable_path/Frameworks",
				);
				PRODUCT_BUNDLE_IDENTIFIER = com.azizzaynutdinov.Room8iOS;
				PRODUCT_NAME = "$(TARGET_NAME)";
				SWIFT_VERSION = 4.2;
				TARGETED_DEVICE_FAMILY = "1,2";
			};
			name = Debug;
		};
		87342BF1219774DE00529B32 /* Release */ = {
			isa = XCBuildConfiguration;
			baseConfigurationReference = 40A049E80E15C1875D90DB36 /* Pods-Room8iOS.release.xcconfig */;
			buildSettings = {
				ASSETCATALOG_COMPILER_APPICON_NAME = AppIcon;
				CODE_SIGN_STYLE = Automatic;
				DEVELOPMENT_TEAM = MM934V475K;
				INFOPLIST_FILE = Room8iOS/Info.plist;
				IPHONEOS_DEPLOYMENT_TARGET = 11.3;
				LD_RUNPATH_SEARCH_PATHS = (
					"$(inherited)",
					"@executable_path/Frameworks",
				);
				PRODUCT_BUNDLE_IDENTIFIER = com.azizzaynutdinov.Room8iOS;
				PRODUCT_NAME = "$(TARGET_NAME)";
				SWIFT_VERSION = 4.2;
				TARGETED_DEVICE_FAMILY = "1,2";
			};
			name = Release;
		};
/* End XCBuildConfiguration section */

/* Begin XCConfigurationList section */
		87342BD8219774DB00529B32 /* Build configuration list for PBXProject "Room8iOS" */ = {
			isa = XCConfigurationList;
			buildConfigurations = (
				87342BED219774DE00529B32 /* Debug */,
				87342BEE219774DE00529B32 /* Release */,
			);
			defaultConfigurationIsVisible = 0;
			defaultConfigurationName = Release;
		};
		87342BEF219774DE00529B32 /* Build configuration list for PBXNativeTarget "Room8iOS" */ = {
			isa = XCConfigurationList;
			buildConfigurations = (
				87342BF0219774DE00529B32 /* Debug */,
				87342BF1219774DE00529B32 /* Release */,
			);
			defaultConfigurationIsVisible = 0;
			defaultConfigurationName = Release;
		};
/* End XCConfigurationList section */
	};
	rootObject = 87342BD5219774DB00529B32 /* Project object */;
}
